
Microsoft Visual Studio Solution File, Format Version 12.00
# Visual Studio Version 17
VisualStudioVersion = 17.14.36811.4 d17.14
MinimumVisualStudioVersion = 10.0.40219.1
Project("{FAE04EC0-301F-11D3-BF4B-00C04F79EFBC}") = "project1", "project1\project1.csproj", "{BDADDA5D-8D2B-42D5-BA9D-7DF69610EDE5}"
EndProject
Global
	GlobalSection(SolutionConfigurationPlatforms) = preSolution
		Debug|Any CPU = Debug|Any CPU
		Release|Any CPU = Release|Any CPU
	EndGlobalSection
	GlobalSection(ProjectConfigurationPlatforms) = postSolution
		{BDADDA5D-8D2B-42D5-BA9D-7DF69610EDE5}.Debug|Any CPU.ActiveCfg = Debug|Any CPU
		{BDADDA5D-8D2B-42D5-BA9D-7DF69610EDE5}.Debug|Any CPU.Build.0 = Debug|Any CPU
		{BDADDA5D-8D2B-42D5-BA9D-7DF69610EDE5}.Release|Any CPU.ActiveCfg = Release|Any CPU
		{BDADDA5D-8D2B-42D5-BA9D-7DF69610EDE5}.Release|Any CPU.Build.0 = Release|Any CPU
	EndGlobalSection
	GlobalSection(SolutionProperties) = preSolution
		HideSolutionNode = FALSE
	EndGlobalSection
	GlobalSection(ExtensibilityGlobals) = postSolution
		SolutionGuid = {6DDC735F-F064-43D0-AC22-A011B37F9012}
	EndGlobalSection
EndGlobal
